
Microsoft Visual Studio Solution File, Format Version 12.00
# Visual Studio 15
VisualStudioVersion = 15.0.27428.2015
MinimumVisualStudioVersion = 10.0.40219.1
Project("{9A19103F-16F7-4668-BE54-9A1E7A4F7556}") = "Nop.Plugin.Widgets.Employees", "Nop.Plugin.Widgets.Employees\Nop.Plugin.Widgets.Employees.csproj", "{83FC2D39-1955-4779-9887-5B0461224C79}"
EndProject
Project("{2150E333-8FDC-42A3-9474-1A3956D46DE8}") = "nopCommerce", "nopCommerce", "{8DD46D2A-D278-4C73-88CD-916804DDE044}"
EndProject
Project("{9A19103F-16F7-4668-BE54-9A1E7A4F7556}") = "Nop.Web.Framework", "n:\nopCommerce 4.10\Presentation\Nop.Web.Framework\Nop.Web.Framework.csproj", "{8898A4D1-AD3A-4141-8DC8-80646E841F7C}"
EndProject
Project("{9A19103F-16F7-4668-BE54-9A1E7A4F7556}") = "Nop.Core", "n:\nopCommerce 4.10\Libraries\Nop.Core\Nop.Core.csproj", "{3C3D9421-8FE4-4EFA-9DB8-E67BDFC0D96A}"
EndProject
Project("{9A19103F-16F7-4668-BE54-9A1E7A4F7556}") = "Nop.Data", "n:\nopCommerce 4.10\Libraries\Nop.Data\Nop.Data.csproj", "{CE127164-61DB-4656-AE89-42C89F3A589F}"
EndProject
Project("{9A19103F-16F7-4668-BE54-9A1E7A4F7556}") = "Nop.Services", "n:\nopCommerce 4.10\Libraries\Nop.Services\Nop.Services.csproj", "{B162ED39-9CDD-455B-ACB4-EFB85BDF4395}"
EndProject
Global
	GlobalSection(SolutionConfigurationPlatforms) = preSolution
		Debug|Any CPU = Debug|Any CPU
		Release|Any CPU = Release|Any CPU
	EndGlobalSection
	GlobalSection(ProjectConfigurationPlatforms) = postSolution
		{83FC2D39-1955-4779-9887-5B0461224C79}.Debug|Any CPU.ActiveCfg = Debug|Any CPU
		{83FC2D39-1955-4779-9887-5B0461224C79}.Debug|Any CPU.Build.0 = Debug|Any CPU
		{83FC2D39-1955-4779-9887-5B0461224C79}.Release|Any CPU.ActiveCfg = Release|Any CPU
		{83FC2D39-1955-4779-9887-5B0461224C79}.Release|Any CPU.Build.0 = Release|Any CPU
		{8898A4D1-AD3A-4141-8DC8-80646E841F7C}.Debug|Any CPU.ActiveCfg = Debug|Any CPU
		{8898A4D1-AD3A-4141-8DC8-80646E841F7C}.Debug|Any CPU.Build.0 = Debug|Any CPU
		{8898A4D1-AD3A-4141-8DC8-80646E841F7C}.Release|Any CPU.ActiveCfg = Release|Any CPU
		{8898A4D1-AD3A-4141-8DC8-80646E841F7C}.Release|Any CPU.Build.0 = Release|Any CPU
		{3C3D9421-8FE4-4EFA-9DB8-E67BDFC0D96A}.Debug|Any CPU.ActiveCfg = Debug|Any CPU
		{3C3D9421-8FE4-4EFA-9DB8-E67BDFC0D96A}.Debug|Any CPU.Build.0 = Debug|Any CPU
		{3C3D9421-8FE4-4EFA-9DB8-E67BDFC0D96A}.Release|Any CPU.ActiveCfg = Release|Any CPU
		{3C3D9421-8FE4-4EFA-9DB8-E67BDFC0D96A}.Release|Any CPU.Build.0 = Release|Any CPU
		{CE127164-61DB-4656-AE89-42C89F3A589F}.Debug|Any CPU.ActiveCfg = Debug|Any CPU
		{CE127164-61DB-4656-AE89-42C89F3A589F}.Debug|Any CPU.Build.0 = Debug|Any CPU
		{CE127164-61DB-4656-AE89-42C89F3A589F}.Release|Any CPU.ActiveCfg = Release|Any CPU
		{CE127164-61DB-4656-AE89-42C89F3A589F}.Release|Any CPU.Build.0 = Release|Any CPU
		{B162ED39-9CDD-455B-ACB4-EFB85BDF4395}.Debug|Any CPU.ActiveCfg = Debug|Any CPU
		{B162ED39-9CDD-455B-ACB4-EFB85BDF4395}.Debug|Any CPU.Build.0 = Debug|Any CPU
		{B162ED39-9CDD-455B-ACB4-EFB85BDF4395}.Release|Any CPU.ActiveCfg = Release|Any CPU
		{B162ED39-9CDD-455B-ACB4-EFB85BDF4395}.Release|Any CPU.Build.0 = Release|Any CPU
	EndGlobalSection
	GlobalSection(SolutionProperties) = preSolution
		HideSolutionNode = FALSE
	EndGlobalSection
	GlobalSection(NestedProjects) = preSolution
		{8898A4D1-AD3A-4141-8DC8-80646E841F7C} = {8DD46D2A-D278-4C73-88CD-916804DDE044}
		{3C3D9421-8FE4-4EFA-9DB8-E67BDFC0D96A} = {8DD46D2A-D278-4C73-88CD-916804DDE044}
		{CE127164-61DB-4656-AE89-42C89F3A589F} = {8DD46D2A-D278-4C73-88CD-916804DDE044}
		{B162ED39-9CDD-455B-ACB4-EFB85BDF4395} = {8DD46D2A-D278-4C73-88CD-916804DDE044}
	EndGlobalSection
	GlobalSection(ExtensibilityGlobals) = postSolution
		SolutionGuid = {EC22C118-6015-4F38-9598-325DC8B6E2C6}
		LessCompiler = 83fc2d39-1955-4779-9887-5b0461224c79
	EndGlobalSection
EndGlobal
